
Microsoft Visual Studio Solution File, Format Version 12.00
# Visual Studio 15
VisualStudioVersion = 15.0.28307.438
MinimumVisualStudioVersion = 10.0.40219.1
Project("{FAE04EC0-301F-11D3-BF4B-00C04F79EFBC}") = "LUN Converter", "LUN Converter\LUN Converter.csproj", "{68677402-C270-4E12-B46F-1D6FC94E1181}"
EndProject
Project("{FAE04EC0-301F-11D3-BF4B-00C04F79EFBC}") = "LUN Converter.Files", "LUN Converter.Files\LUN Converter.Files.csproj", "{F183A13C-A1F8-4567-9366-5FC2D9F48079}"
EndProject
Global
	GlobalSection(SolutionConfigurationPlatforms) = preSolution
		Debug|Any CPU = Debug|Any CPU
		Release|Any CPU = Release|Any CPU
	EndGlobalSection
	GlobalSection(ProjectConfigurationPlatforms) = postSolution
		{68677402-C270-4E12-B46F-1D6FC94E1181}.Debug|Any CPU.ActiveCfg = Debug|Any CPU
		{68677402-C270-4E12-B46F-1D6FC94E1181}.Debug|Any CPU.Build.0 = Debug|Any CPU
		{68677402-C270-4E12-B46F-1D6FC94E1181}.Release|Any CPU.ActiveCfg = Release|Any CPU
		{68677402-C270-4E12-B46F-1D6FC94E1181}.Release|Any CPU.Build.0 = Release|Any CPU
		{F183A13C-A1F8-4567-9366-5FC2D9F48079}.Debug|Any CPU.ActiveCfg = Debug|Any CPU
		{F183A13C-A1F8-4567-9366-5FC2D9F48079}.Debug|Any CPU.Build.0 = Debug|Any CPU
		{F183A13C-A1F8-4567-9366-5FC2D9F48079}.Release|Any CPU.ActiveCfg = Release|Any CPU
		{F183A13C-A1F8-4567-9366-5FC2D9F48079}.Release|Any CPU.Build.0 = Release|Any CPU
	EndGlobalSection
	GlobalSection(SolutionProperties) = preSolution
		HideSolutionNode = FALSE
	EndGlobalSection
	GlobalSection(ExtensibilityGlobals) = postSolution
		SolutionGuid = {CADC8144-842C-46A9-B14C-BDB830535D21}
	EndGlobalSection
EndGlobal
